
Microsoft Visual Studio Solution File, Format Version 12.00
# Visual Studio Version 17
VisualStudioVersion = 17.3.32929.385
MinimumVisualStudioVersion = 10.0.40219.1
Project("{8BC9CEB8-8B4A-11D0-8D11-00A0C91BC942}") = "Project1", "Project1\Project1.vcxproj", "{EEFD427A-D94C-4F42-A3C6-CB04D4CFF6B2}"
EndProject
Global
	GlobalSection(SolutionConfigurationPlatforms) = preSolution
		Debug|x64 = Debug|x64
		Debug|x86 = Debug|x86
		Release|x64 = Release|x64
		Release|x86 = Release|x86
	EndGlobalSection
	GlobalSection(ProjectConfigurationPlatforms) = postSolution
		{EEFD427A-D94C-4F42-A3C6-CB04D4CFF6B2}.Debug|x64.ActiveCfg = Debug|x64
		{EEFD427A-D94C-4F42-A3C6-CB04D4CFF6B2}.Debug|x64.Build.0 = Debug|x64
		{EEFD427A-D94C-4F42-A3C6-CB04D4CFF6B2}.Debug|x86.ActiveCfg = Debug|Win32
		{EEFD427A-D94C-4F42-A3C6-CB04D4CFF6B2}.Debug|x86.Build.0 = Debug|Win32
		{EEFD427A-D94C-4F42-A3C6-CB04D4CFF6B2}.Release|x64.ActiveCfg = Release|x64
		{EEFD427A-D94C-4F42-A3C6-CB04D4CFF6B2}.Release|x64.Build.0 = Release|x64
		{EEFD427A-D94C-4F42-A3C6-CB04D4CFF6B2}.Release|x86.ActiveCfg = Release|Win32
		{EEFD427A-D94C-4F42-A3C6-CB04D4CFF6B2}.Release|x86.Build.0 = Release|Win32
	EndGlobalSection
	GlobalSection(SolutionProperties) = preSolution
		HideSolutionNode = FALSE
	EndGlobalSection
	GlobalSection(ExtensibilityGlobals) = postSolution
		SolutionGuid = {769AB0EC-92F0-4226-A160-C0CB1EA35011}
	EndGlobalSection
EndGlobal
